
Microsoft Visual Studio Solution File, Format Version 12.00
# Visual Studio Version 16
VisualStudioVersion = 16.0.29905.134
MinimumVisualStudioVersion = 10.0.40219.1
Project("{FAE04EC0-301F-11D3-BF4B-00C04F79EFBC}") = "Algoritm3.7", "Algoritm3.7\Algoritm3.7.csproj", "{AC255AB9-A0C7-432D-97C5-93DEC488AC59}"
EndProject
Global
	GlobalSection(SolutionConfigurationPlatforms) = preSolution
		Debug|Any CPU = Debug|Any CPU
		Release|Any CPU = Release|Any CPU
	EndGlobalSection
	GlobalSection(ProjectConfigurationPlatforms) = postSolution
		{AC255AB9-A0C7-432D-97C5-93DEC488AC59}.Debug|Any CPU.ActiveCfg = Debug|Any CPU
		{AC255AB9-A0C7-432D-97C5-93DEC488AC59}.Debug|Any CPU.Build.0 = Debug|Any CPU
		{AC255AB9-A0C7-432D-97C5-93DEC488AC59}.Release|Any CPU.ActiveCfg = Release|Any CPU
		{AC255AB9-A0C7-432D-97C5-93DEC488AC59}.Release|Any CPU.Build.0 = Release|Any CPU
	EndGlobalSection
	GlobalSection(SolutionProperties) = preSolution
		HideSolutionNode = FALSE
	EndGlobalSection
	GlobalSection(ExtensibilityGlobals) = postSolution
		SolutionGuid = {CDDF11D0-A306-42DD-8416-E29BBA50A0F2}
	EndGlobalSection
EndGlobal
